
Microsoft Visual Studio Solution File, Format Version 12.00
# Visual Studio Version 17
VisualStudioVersion = 17.0.31903.59
MinimumVisualStudioVersion = 10.0.40219.1
Project("{FAE04EC0-301F-11D3-BF4B-00C04F79EFBC}") = "Contract", "Contract\Contract.csproj", "{15862051-E2C9-4DC6-A845-6A7D72198ED0}"
EndProject
Project("{FAE04EC0-301F-11D3-BF4B-00C04F79EFBC}") = "GetAnArea", "GetAnArea\GetAnArea.csproj", "{110022AB-0B0C-4BDC-A1BE-5B98322885CE}"
EndProject
Global
	GlobalSection(SolutionConfigurationPlatforms) = preSolution
		Debug|Any CPU = Debug|Any CPU
		Release|Any CPU = Release|Any CPU
	EndGlobalSection
	GlobalSection(ProjectConfigurationPlatforms) = postSolution
		{15862051-E2C9-4DC6-A845-6A7D72198ED0}.Debug|Any CPU.ActiveCfg = Debug|Any CPU
		{15862051-E2C9-4DC6-A845-6A7D72198ED0}.Debug|Any CPU.Build.0 = Debug|Any CPU
		{15862051-E2C9-4DC6-A845-6A7D72198ED0}.Release|Any CPU.ActiveCfg = Release|Any CPU
		{15862051-E2C9-4DC6-A845-6A7D72198ED0}.Release|Any CPU.Build.0 = Release|Any CPU
		{110022AB-0B0C-4BDC-A1BE-5B98322885CE}.Debug|Any CPU.ActiveCfg = Debug|Any CPU
		{110022AB-0B0C-4BDC-A1BE-5B98322885CE}.Debug|Any CPU.Build.0 = Debug|Any CPU
		{110022AB-0B0C-4BDC-A1BE-5B98322885CE}.Release|Any CPU.ActiveCfg = Release|Any CPU
		{110022AB-0B0C-4BDC-A1BE-5B98322885CE}.Release|Any CPU.Build.0 = Release|Any CPU
	EndGlobalSection
	GlobalSection(SolutionProperties) = preSolution
		HideSolutionNode = FALSE
	EndGlobalSection
	GlobalSection(ExtensibilityGlobals) = postSolution
		SolutionGuid = {6BB3C295-C42B-49DB-AC7B-13DA1BF1402F}
	EndGlobalSection
EndGlobal
